// !$*UTF8*$!
{
	archiveVersion = 1;
	classes = {
	};
	objectVersion = 50;
	objects = {

/* Begin PBXBuildFile section */
		4C2457B420F2A4EE00FDA61D /* AppDelegate.swift in Sources */ = {isa = PBXBuildFile; fileRef = 4C2457B320F2A4EE00FDA61D /* AppDelegate.swift */; };
		4C2457B620F2A4EE00FDA61D /* ViewController.swift in Sources */ = {isa = PBXBuildFile; fileRef = 4C2457B520F2A4EE00FDA61D /* ViewController.swift */; };
		4C2457B920F2A4EE00FDA61D /* Main.storyboard in Resources */ = {isa = PBXBuildFile; fileRef = 4C2457B720F2A4EE00FDA61D /* Main.storyboard */; };
		4C2457BB20F2A4F000FDA61D /* Assets.xcassets in Resources */ = {isa = PBXBuildFile; fileRef = 4C2457BA20F2A4F000FDA61D /* Assets.xcassets */; };
		4C2457BE20F2A4F000FDA61D /* LaunchScreen.storyboard in Resources */ = {isa = PBXBuildFile; fileRef = 4C2457BC20F2A4F000FDA61D /* LaunchScreen.storyboard */; };
		4CF49F1420F2F6CF00BE7F16 /* pew.wav in Resources */ = {isa = PBXBuildFile; fileRef = 4CF49F1320F2F6CF00BE7F16 /* pew.wav */; };
		4CF5D4CD20F2BE9B007FE1DC /* hustle-on.wav in Resources */ = {isa = PBXBuildFile; fileRef = 4CF5D4CC20F2BE9B007FE1DC /* hustle-on.wav */; };
/* End PBXBuildFile section */

/* Begin PBXFileReference section */
		4C2457B020F2A4EE00FDA61D /* LaunchTheShip.app */ = {isa = PBXFileReference; explicitFileType = wrapper.application; includeInIndex = 0; path = LaunchTheShip.app; sourceTree = BUILT_PRODUCTS_DIR; };
		4C2457B320F2A4EE00FDA61D /* AppDelegate.swift */ = {isa = PBXFileReference; lastKnownFileType = sourcecode.swift; path = AppDelegate.swift; sourceTree = "<group>"; };
		4C2457B520F2A4EE00FDA61D /* ViewController.swift */ = {isa = PBXFileReference; lastKnownFileType = sourcecode.swift; path = ViewController.swift; sourceTree = "<group>"; };
		4C2457B820F2A4EE00FDA61D /* Base */ = {isa = PBXFileReference; lastKnownFileType = file.storyboard; name = Base; path = Base.lproj/Main.storyboard; sourceTree = "<group>"; };
		4C2457BA20F2A4F000FDA61D /* Assets.xcassets */ = {isa = PBXFileReference; lastKnownFileType = folder.assetcatalog; path = Assets.xcassets; sourceTree = "<group>"; };
		4C2457BD20F2A4F000FDA61D /* Base */ = {isa = PBXFileReference; lastKnownFileType = file.storyboard; name = Base; path = Base.lproj/LaunchScreen.storyboard; sourceTree = "<group>"; };
		4C2457BF20F2A4F000FDA61D /* Info.plist */ = {isa = PBXFileReference; lastKnownFileType = text.plist.xml; path = Info.plist; sourceTree = "<group>"; };
		4CF49F1320F2F6CF00BE7F16 /* pew.wav */ = {isa = PBXFileReference; lastKnownFileType = audio.wav; path = pew.wav; sourceTree = "<group>"; };
		4CF5D4CC20F2BE9B007FE1DC /* hustle-on.wav */ = {isa = PBXFileReference; lastKnownFileType = audio.wav; path = "hustle-on.wav"; sourceTree = "<group>"; };
/* End PBXFileReference section */

/* Begin PBXFrameworksBuildPhase section */
		4C2457AD20F2A4EE00FDA61D /* Frameworks */ = {
			isa = PBXFrameworksBuildPhase;
			buildActionMask = 2147483647;
			files = (
			);
			runOnlyForDeploymentPostprocessing = 0;
		};
/* End PBXFrameworksBuildPhase section */

/* Begin PBXGroup section */
		4C2457A720F2A4EE00FDA61D = {
			isa = PBXGroup;
			children = (
				4C2457B220F2A4EE00FDA61D /* LaunchTheShip */,
				4C2457B120F2A4EE00FDA61D /* Products */,
			);
			sourceTree = "<group>";
		};
		4C2457B120F2A4EE00FDA61D /* Products */ = {
			isa = PBXGroup;
			children = (
				4C2457B020F2A4EE00FDA61D /* LaunchTheShip.app */,
			);
			name = Products;
			sourceTree = "<group>";
		};
		4C2457B220F2A4EE00FDA61D /* LaunchTheShip */ = {
			isa = PBXGroup;
			children = (
				4CF49F1320F2F6CF00BE7F16 /* pew.wav */,
				4CF5D4CC20F2BE9B007FE1DC /* hustle-on.wav */,
				4C2457B320F2A4EE00FDA61D /* AppDelegate.swift */,
				4C2457B520F2A4EE00FDA61D /* ViewController.swift */,
				4C2457B720F2A4EE00FDA61D /* Main.storyboard */,
				4C2457BA20F2A4F000FDA61D /* Assets.xcassets */,
				4C2457BC20F2A4F000FDA61D /* LaunchScreen.storyboard */,
				4C2457BF20F2A4F000FDA61D /* Info.plist */,
			);
			path = LaunchTheShip;
			sourceTree = "<group>";
		};
/* End PBXGroup section */

/* Begin PBXNativeTarget section */
		4C2457AF20F2A4EE00FDA61D /* LaunchTheShip */ = {
			isa = PBXNativeTarget;
			buildConfigurationList = 4C2457C220F2A4F000FDA61D /* Build configuration list for PBXNativeTarget "LaunchTheShip" */;
			buildPhases = (
				4C2457AC20F2A4EE00FDA61D /* Sources */,
				4C2457AD20F2A4EE00FDA61D /* Frameworks */,
				4C2457AE20F2A4EE00FDA61D /* Resources */,
			);
			buildRules = (
			);
			dependencies = (
			);
			name = LaunchTheShip;
			productName = LaunchTheShip;
			productReference = 4C2457B020F2A4EE00FDA61D /* LaunchTheShip.app */;
			productType = "com.apple.product-type.application";
		};
/* End PBXNativeTarget section */

/* Begin PBXProject section */
		4C2457A820F2A4EE00FDA61D /* Project object */ = {
			isa = PBXProject;
			attributes = {
				LastSwiftUpdateCheck = 0940;
				LastUpgradeCheck = 0940;
				ORGANIZATIONNAME = "Michael Tong";
				TargetAttributes = {
					4C2457AF20F2A4EE00FDA61D = {
						CreatedOnToolsVersion = 9.4.1;
					};
				};
			};
			buildConfigurationList = 4C2457AB20F2A4EE00FDA61D /* Build configuration list for PBXProject "LaunchTheShip" */;
			compatibilityVersion = "Xcode 9.3";
			developmentRegion = en;
			hasScannedForEncodings = 0;
			knownRegions = (
				en,
				Base,
			);
			mainGroup = 4C2457A720F2A4EE00FDA61D;
			productRefGroup = 4C2457B120F2A4EE00FDA61D /* Products */;
			projectDirPath = "";
			projectRoot = "";
			targets = (
				4C2457AF20F2A4EE00FDA61D /* LaunchTheShip */,
			);
		};
/* End PBXProject section */

/* Begin PBXResourcesBuildPhase section */
		4C2457AE20F2A4EE00FDA61D /* Resources */ = {
			isa = PBXResourcesBuildPhase;
			buildActionMask = 2147483647;
			files = (
				4CF49F1420F2F6CF00BE7F16 /* pew.wav in Resources */,
				4CF5D4CD20F2BE9B007FE1DC /* hustle-on.wav in Resources */,
				4C2457BE20F2A4F000FDA61D /* LaunchScreen.storyboard in Resources */,
				4C2457BB20F2A4F000FDA61D /* Assets.xcassets in Resources */,
				4C2457B920F2A4EE00FDA61D /* Main.storyboard in Resources */,
			);
			runOnlyForDeploymentPostprocessing = 0;
		};
/* End PBXResourcesBuildPhase section */

/* Begin PBXSourcesBuildPhase section */
		4C2457AC20F2A4EE00FDA61D /* Sources */ = {
			isa = PBXSourcesBuildPhase;
			buildActionMask = 2147483647;
			files = (
				4C2457B620F2A4EE00FDA61D /* ViewController.swift in Sources */,
				4C2457B420F2A4EE00FDA61D /* AppDelegate.swift in Sources */,
			);
			runOnlyForDeploymentPostprocessing = 0;
		};
/* End PBXSourcesBuildPhase section */

/* Begin PBXVariantGroup section */
		4C2457B720F2A4EE00FDA61D /* Main.storyboard */ = {
			isa = PBXVariantGroup;
			children = (
				4C2457B820F2A4EE00FDA61D /* Base */,
			);
			name = Main.storyboard;
			sourceTree = "<group>";
		};
		4C2457BC20F2A4F000FDA61D /* LaunchScreen.storyboard */ = {
			isa = PBXVariantGroup;
			children = (
				4C2457BD20F2A4F000FDA61D /* Base */,
			);
			name = LaunchScreen.storyboard;
			sourceTree = "<group>";
		};
/* End PBXVariantGroup section */

/* Begin XCBuildConfiguration section */
		4C2457C020F2A4F000FDA61D /* Debug */ = {
			isa = XCBuildConfiguration;
			buildSettings = {
				ALWAYS_SEARCH_USER_PATHS = NO;
				CLANG_ANALYZER_NONNULL = YES;
				CLANG_ANALYZER_NUMBER_OBJECT_CONVERSION = YES_AGGRESSIVE;
				CLANG_CXX_LANGUAGE_STANDARD = "gnu++14";
				CLANG_CXX_LIBRARY = "libc++";
				CLANG_ENABLE_MODULES = YES;
				CLANG_ENABLE_OBJC_ARC = YES;
				CLANG_ENABLE_OBJC_WEAK = YES;
				CLANG_WARN_BLOCK_CAPTURE_AUTORELEASING = YES;
				CLANG_WARN_BOOL_CONVERSION = YES;
				CLANG_WARN_COMMA = YES;
				CLANG_WARN_CONSTANT_CONVERSION = YES;
				CLANG_WARN_DEPRECATED_OBJC_IMPLEMENTATIONS = YES;
				CLANG_WARN_DIRECT_OBJC_ISA_USAGE = YES_ERROR;
				CLANG_WARN_DOCUMENTATION_COMMENTS = YES;
				CLANG_WARN_EMPTY_BODY = YES;
				CLANG_WARN_ENUM_CONVERSION = YES;
				CLANG_WARN_INFINITE_RECURSION = YES;
				CLANG_WARN_INT_CONVERSION = YES;
				CLANG_WARN_NON_LITERAL_NULL_CONVERSION = YES;
				CLANG_WARN_OBJC_IMPLICIT_RETAIN_SELF = YES;
				CLANG_WARN_OBJC_LITERAL_CONVERSION = YES;
				CLANG_WARN_OBJC_ROOT_CLASS = YES_ERROR;
				CLANG_WARN_RANGE_LOOP_ANALYSIS = YES;
				CLANG_WARN_STRICT_PROTOTYPES = YES;
				CLANG_WARN_SUSPICIOUS_MOVE = YES;
				CLANG_WARN_UNGUARDED_AVAILABILITY = YES_AGGRESSIVE;
				CLANG_WARN_UNREACHABLE_CODE = YES;
				CLANG_WARN__DUPLICATE_METHOD_MATCH = YES;
				CODE_SIGN_IDENTITY = "iPhone Developer";
				COPY_PHASE_STRIP = NO;
				DEBUG_INFORMATION_FORMAT = dwarf;
				ENABLE_STRICT_OBJC_MSGSEND = YES;
				ENABLE_TESTABILITY = YES;
				GCC_C_LANGUAGE_STANDARD = gnu11;
				GCC_DYNAMIC_NO_PIC = NO;
				GCC_NO_COMMON_BLOCKS = YES;
				GCC_OPTIMIZATION_LEVEL = 0;
				GCC_PREPROCESSOR_DEFINITIONS = (
					"DEBUG=1",
					"$(inherited)",
				);
				GCC_WARN_64_TO_32_BIT_CONVERSION = YES;
				GCC_WARN_ABOUT_RETURN_TYPE = YES_ERROR;
				GCC_WARN_UNDECLARED_SELECTOR = YES;
				GCC_WARN_UNINITIALIZED_AUTOS = YES_AGGRESSIVE;
				GCC_WARN_UNUSED_FUNCTION = YES;
				GCC_WARN_UNUSED_VARIABLE = YES;
				IPHONEOS_DEPLOYMENT_TARGET = 11.4;
				MTL_ENABLE_DEBUG_INFO = YES;
				ONLY_ACTIVE_ARCH = YES;
				SDKROOT = iphoneos;
				SWIFT_ACTIVE_COMPILATION_CONDITIONS = DEBUG;
				SWIFT_OPTIMIZATION_LEVEL = "-Onone";
			};
			name = Debug;
		};
		4C2457C120F2A4F000FDA61D /* Release */ = {
			isa = XCBuildConfiguration;
			buildSettings = {
				ALWAYS_SEARCH_USER_PATHS = NO;
				CLANG_ANALYZER_NONNULL = YES;
				CLANG_ANALYZER_NUMBER_OBJECT_CONVERSION = YES_AGGRESSIVE;
				CLANG_CXX_LANGUAGE_STANDARD = "gnu++14";
				CLANG_CXX_LIBRARY = "libc++";
				CLANG_ENABLE_MODULES = YES;
				CLANG_ENABLE_OBJC_ARC = YES;
				CLANG_ENABLE_OBJC_WEAK = YES;
				CLANG_WARN_BLOCK_CAPTURE_AUTORELEASING = YES;
				CLANG_WARN_BOOL_CONVERSION = YES;
				CLANG_WARN_COMMA = YES;
				CLANG_WARN_CONSTANT_CONVERSION = YES;
				CLANG_WARN_DEPRECATED_OBJC_IMPLEMENTATIONS = YES;
				CLANG_WARN_DIRECT_OBJC_ISA_USAGE = YES_ERROR;
				CLANG_WARN_DOCUMENTATION_COMMENTS = YES;
				CLANG_WARN_EMPTY_BODY = YES;
				CLANG_WARN_ENUM_CONVERSION = YES;
				CLANG_WARN_INFINITE_RECURSION = YES;
				CLANG_WARN_INT_CONVERSION = YES;
				CLANG_WARN_NON_LITERAL_NULL_CONVERSION = YES;
				CLANG_WARN_OBJC_IMPLICIT_RETAIN_SELF = YES;
				CLANG_WARN_OBJC_LITERAL_CONVERSION = YES;
				CLANG_WARN_OBJC_ROOT_CLASS = YES_ERROR;
				CLANG_WARN_RANGE_LOOP_ANALYSIS = YES;
				CLANG_WARN_STRICT_PROTOTYPES = YES;
				CLANG_WARN_SUSPICIOUS_MOVE = YES;
				CLANG_WARN_UNGUARDED_AVAILABILITY = YES_AGGRESSIVE;
				CLANG_WARN_UNREACHABLE_CODE = YES;
				CLANG_WARN__DUPLICATE_METHOD_MATCH = YES;
				CODE_SIGN_IDENTITY = "iPhone Developer";
				COPY_PHASE_STRIP = NO;
				DEBUG_INFORMATION_FORMAT = "dwarf-with-dsym";
				ENABLE_NS_ASSERTIONS = NO;
				ENABLE_STRICT_OBJC_MSGSEND = YES;
				GCC_C_LANGUAGE_STANDARD = gnu11;
				GCC_NO_COMMON_BLOCKS = YES;
				GCC_WARN_64_TO_32_BIT_CONVERSION = YES;
				GCC_WARN_ABOUT_RETURN_TYPE = YES_ERROR;
				GCC_WARN_UNDECLARED_SELECTOR = YES;
				GCC_WARN_UNINITIALIZED_AUTOS = YES_AGGRESSIVE;
				GCC_WARN_UNUSED_FUNCTION = YES;
				GCC_WARN_UNUSED_VARIABLE = YES;
				IPHONEOS_DEPLOYMENT_TARGET = 11.4;
				MTL_ENABLE_DEBUG_INFO = NO;
				SDKROOT = iphoneos;
				SWIFT_COMPILATION_MODE = wholemodule;
				SWIFT_OPTIMIZATION_LEVEL = "-O";
				VALIDATE_PRODUCT = YES;
			};
			name = Release;
		};
		4C2457C320F2A4F000FDA61D /* Debug */ = {
			isa = XCBuildConfiguration;
			buildSettings = {
				ASSETCATALOG_COMPILER_APPICON_NAME = AppIcon;
				CODE_SIGN_STYLE = Automatic;
				DEVELOPMENT_TEAM = 88MT47NWH8;
				INFOPLIST_FILE = LaunchTheShip/Info.plist;
				LD_RUNPATH_SEARCH_PATHS = (
					"$(inherited)",
					"@executable_path/Frameworks",
				);
				PRODUCT_BUNDLE_IDENTIFIER = com.MichaelTong.LaunchTheShip;
				PRODUCT_NAME = "$(TARGET_NAME)";
				SWIFT_VERSION = 4.0;
				TARGETED_DEVICE_FAMILY = "1,2";
			};
			name = Debug;
		};
		4C2457C420F2A4F000FDA61D /* Release */ = {
			isa = XCBuildConfiguration;
			buildSettings = {
				ASSETCATALOG_COMPILER_APPICON_NAME = AppIcon;
				CODE_SIGN_STYLE = Automatic;
				DEVELOPMENT_TEAM = 88MT47NWH8;
				INFOPLIST_FILE = LaunchTheShip/Info.plist;
				LD_RUNPATH_SEARCH_PATHS = (
					"$(inherited)",
					"@executable_path/Frameworks",
				);
				PRODUCT_BUNDLE_IDENTIFIER = com.MichaelTong.LaunchTheShip;
				PRODUCT_NAME = "$(TARGET_NAME)";
				SWIFT_VERSION = 4.0;
				TARGETED_DEVICE_FAMILY = "1,2";
			};
			name = Release;
		};
/* End XCBuildConfiguration section */

/* Begin XCConfigurationList section */
		4C2457AB20F2A4EE00FDA61D /* Build configuration list for PBXProject "LaunchTheShip" */ = {
			isa = XCConfigurationList;
			buildConfigurations = (
				4C2457C020F2A4F000FDA61D /* Debug */,
				4C2457C120F2A4F000FDA61D /* Release */,
			);
			defaultConfigurationIsVisible = 0;
			defaultConfigurationName = Release;
		};
		4C2457C220F2A4F000FDA61D /* Build configuration list for PBXNativeTarget "LaunchTheShip" */ = {
			isa = XCConfigurationList;
			buildConfigurations = (
				4C2457C320F2A4F000FDA61D /* Debug */,
				4C2457C420F2A4F000FDA61D /* Release */,
			);
			defaultConfigurationIsVisible = 0;
			defaultConfigurationName = Release;
		};
/* End XCConfigurationList section */
	};
	rootObject = 4C2457A820F2A4EE00FDA61D /* Project object */;
}
